// !$*UTF8*$!
{
	archiveVersion = 1;
	classes = {
	};
	objectVersion = 46;
	objects = {

/* Begin PBXBuildFile section */
		3713C3391CD8A0F90025E941 /* main.m in Sources */ = {isa = PBXBuildFile; fileRef = 3713C3381CD8A0F90025E941 /* main.m */; };
		3713C33C1CD8A0F90025E941 /* AppDelegate.m in Sources */ = {isa = PBXBuildFile; fileRef = 3713C33B1CD8A0F90025E941 /* AppDelegate.m */; };
		3713C3441CD8A0F90025E941 /* Assets.xcassets in Resources */ = {isa = PBXBuildFile; fileRef = 3713C3431CD8A0F90025E941 /* Assets.xcassets */; };
		3713C3471CD8A0F90025E941 /* LaunchScreen.storyboard in Resources */ = {isa = PBXBuildFile; fileRef = 3713C3451CD8A0F90025E941 /* LaunchScreen.storyboard */; };
		3713C3551CD8A3420025E941 /* CDTestViewController.m in Sources */ = {isa = PBXBuildFile; fileRef = 3713C3531CD8A3420025E941 /* CDTestViewController.m */; };
		3713C3561CD8A3420025E941 /* CDTestViewController.xib in Resources */ = {isa = PBXBuildFile; fileRef = 3713C3541CD8A3420025E941 /* CDTestViewController.xib */; };
		3713C3731CD8A9F00025E941 /* MASCompositeConstraint.m in Sources */ = {isa = PBXBuildFile; fileRef = 3713C35D1CD8A9F00025E941 /* MASCompositeConstraint.m */; };
		3713C3741CD8A9F00025E941 /* MASConstraint.m in Sources */ = {isa = PBXBuildFile; fileRef = 3713C3601CD8A9F00025E941 /* MASConstraint.m */; };
		3713C3751CD8A9F00025E941 /* MASConstraintMaker.m in Sources */ = {isa = PBXBuildFile; fileRef = 3713C3621CD8A9F00025E941 /* MASConstraintMaker.m */; };
		3713C3761CD8A9F00025E941 /* MASLayoutConstraint.m in Sources */ = {isa = PBXBuildFile; fileRef = 3713C3641CD8A9F00025E941 /* MASLayoutConstraint.m */; };
		3713C3771CD8A9F00025E941 /* MASViewAttribute.m in Sources */ = {isa = PBXBuildFile; fileRef = 3713C3681CD8A9F00025E941 /* MASViewAttribute.m */; };
		3713C3781CD8A9F00025E941 /* MASViewConstraint.m in Sources */ = {isa = PBXBuildFile; fileRef = 3713C36A1CD8A9F00025E941 /* MASViewConstraint.m */; };
		3713C3791CD8A9F00025E941 /* NSArray+MASAdditions.m in Sources */ = {isa = PBXBuildFile; fileRef = 3713C36C1CD8A9F00025E941 /* NSArray+MASAdditions.m */; };
		3713C37A1CD8A9F00025E941 /* NSLayoutConstraint+MASDebugAdditions.m in Sources */ = {isa = PBXBuildFile; fileRef = 3713C36F1CD8A9F00025E941 /* NSLayoutConstraint+MASDebugAdditions.m */; };
		3713C37B1CD8A9F00025E941 /* View+MASAdditions.m in Sources */ = {isa = PBXBuildFile; fileRef = 3713C3711CD8A9F00025E941 /* View+MASAdditions.m */; };
		374A965E1CD99205005F344E /* UIKit.framework in Frameworks */ = {isa = PBXBuildFile; fileRef = 374A965D1CD99205005F344E /* UIKit.framework */; };
		374A96601CD99210005F344E /* Foundation.framework in Frameworks */ = {isa = PBXBuildFile; fileRef = 374A965F1CD99210005F344E /* Foundation.framework */; };
		374A96621CD99533005F344E /* botm-nav-mudd.png in Resources */ = {isa = PBXBuildFile; fileRef = 374A96611CD99533005F344E /* botm-nav-mudd.png */; };
		374A96651CD9D7EC005F344E /* CDTabBarView.m in Sources */ = {isa = PBXBuildFile; fileRef = 374A96641CD9D7EC005F344E /* CDTabBarView.m */; };
		374A96691CD9D8F9005F344E /* CDItemCell.m in Sources */ = {isa = PBXBuildFile; fileRef = 374A96671CD9D8F9005F344E /* CDItemCell.m */; };
		374A966A1CD9D8F9005F344E /* CDItemCell.xib in Resources */ = {isa = PBXBuildFile; fileRef = 374A96681CD9D8F9005F344E /* CDItemCell.xib */; };
/* End PBXBuildFile section */

/* Begin PBXFileReference section */
		3713C3341CD8A0F90025E941 /* BottomMenuView.app */ = {isa = PBXFileReference; explicitFileType = wrapper.application; includeInIndex = 0; path = BottomMenuView.app; sourceTree = BUILT_PRODUCTS_DIR; };
		3713C3381CD8A0F90025E941 /* main.m */ = {isa = PBXFileReference; lastKnownFileType = sourcecode.c.objc; path = main.m; sourceTree = "<group>"; };
		3713C33A1CD8A0F90025E941 /* AppDelegate.h */ = {isa = PBXFileReference; lastKnownFileType = sourcecode.c.h; path = AppDelegate.h; sourceTree = "<group>"; };
		3713C33B1CD8A0F90025E941 /* AppDelegate.m */ = {isa = PBXFileReference; lastKnownFileType = sourcecode.c.objc; path = AppDelegate.m; sourceTree = "<group>"; };
		3713C3431CD8A0F90025E941 /* Assets.xcassets */ = {isa = PBXFileReference; lastKnownFileType = folder.assetcatalog; path = Assets.xcassets; sourceTree = "<group>"; };
		3713C3461CD8A0F90025E941 /* Base */ = {isa = PBXFileReference; lastKnownFileType = file.storyboard; name = Base; path = Base.lproj/LaunchScreen.storyboard; sourceTree = "<group>"; };
		3713C3481CD8A0F90025E941 /* Info.plist */ = {isa = PBXFileReference; lastKnownFileType = text.plist.xml; path = Info.plist; sourceTree = "<group>"; };
		3713C3521CD8A3420025E941 /* CDTestViewController.h */ = {isa = PBXFileReference; fileEncoding = 4; lastKnownFileType = sourcecode.c.h; path = CDTestViewController.h; sourceTree = "<group>"; };
		3713C3531CD8A3420025E941 /* CDTestViewController.m */ = {isa = PBXFileReference; fileEncoding = 4; lastKnownFileType = sourcecode.c.objc; path = CDTestViewController.m; sourceTree = "<group>"; };
		3713C3541CD8A3420025E941 /* CDTestViewController.xib */ = {isa = PBXFileReference; fileEncoding = 4; lastKnownFileType = file.xib; path = CDTestViewController.xib; sourceTree = "<group>"; };
		3713C35C1CD8A9F00025E941 /* MASCompositeConstraint.h */ = {isa = PBXFileReference; fileEncoding = 4; lastKnownFileType = sourcecode.c.h; path = MASCompositeConstraint.h; sourceTree = "<group>"; };
		3713C35D1CD8A9F00025E941 /* MASCompositeConstraint.m */ = {isa = PBXFileReference; fileEncoding = 4; lastKnownFileType = sourcecode.c.objc; path = MASCompositeConstraint.m; sourceTree = "<group>"; };
		3713C35E1CD8A9F00025E941 /* MASConstraint+Private.h */ = {isa = PBXFileReference; fileEncoding = 4; lastKnownFileType = sourcecode.c.h; path = "MASConstraint+Private.h"; sourceTree = "<group>"; };
		3713C35F1CD8A9F00025E941 /* MASConstraint.h */ = {isa = PBXFileReference; fileEncoding = 4; lastKnownFileType = sourcecode.c.h; path = MASConstraint.h; sourceTree = "<group>"; };
		3713C3601CD8A9F00025E941 /* MASConstraint.m */ = {isa = PBXFileReference; fileEncoding = 4; lastKnownFileType = sourcecode.c.objc; path = MASConstraint.m; sourceTree = "<group>"; };
		3713C3611CD8A9F00025E941 /* MASConstraintMaker.h */ = {isa = PBXFileReference; fileEncoding = 4; lastKnownFileType = sourcecode.c.h; path = MASConstraintMaker.h; sourceTree = "<group>"; };
		3713C3621CD8A9F00025E941 /* MASConstraintMaker.m */ = {isa = PBXFileReference; fileEncoding = 4; lastKnownFileType = sourcecode.c.objc; path = MASConstraintMaker.m; sourceTree = "<group>"; };
		3713C3631CD8A9F00025E941 /* MASLayoutConstraint.h */ = {isa = PBXFileReference; fileEncoding = 4; lastKnownFileType = sourcecode.c.h; path = MASLayoutConstraint.h; sourceTree = "<group>"; };
		3713C3641CD8A9F00025E941 /* MASLayoutConstraint.m */ = {isa = PBXFileReference; fileEncoding = 4; lastKnownFileType = sourcecode.c.objc; path = MASLayoutConstraint.m; sourceTree = "<group>"; };
		3713C3651CD8A9F00025E941 /* Masonry.h */ = {isa = PBXFileReference; fileEncoding = 4; lastKnownFileType = sourcecode.c.h; path = Masonry.h; sourceTree = "<group>"; };
		3713C3661CD8A9F00025E941 /* MASUtilities.h */ = {isa = PBXFileReference; fileEncoding = 4; lastKnownFileType = sourcecode.c.h; path = MASUtilities.h; sourceTree = "<group>"; };
		3713C3671CD8A9F00025E941 /* MASViewAttribute.h */ = {isa = PBXFileReference; fileEncoding = 4; lastKnownFileType = sourcecode.c.h; path = MASViewAttribute.h; sourceTree = "<group>"; };
		3713C3681CD8A9F00025E941 /* MASViewAttribute.m */ = {isa = PBXFileReference; fileEncoding = 4; lastKnownFileType = sourcecode.c.objc; path = MASViewAttribute.m; sourceTree = "<group>"; };
		3713C3691CD8A9F00025E941 /* MASViewConstraint.h */ = {isa = PBXFileReference; fileEncoding = 4; lastKnownFileType = sourcecode.c.h; path = MASViewConstraint.h; sourceTree = "<group>"; };
		3713C36A1CD8A9F00025E941 /* MASViewConstraint.m */ = {isa = PBXFileReference; fileEncoding = 4; lastKnownFileType = sourcecode.c.objc; path = MASViewConstraint.m; sourceTree = "<group>"; };
		3713C36B1CD8A9F00025E941 /* NSArray+MASAdditions.h */ = {isa = PBXFileReference; fileEncoding = 4; lastKnownFileType = sourcecode.c.h; path = "NSArray+MASAdditions.h"; sourceTree = "<group>"; };
		3713C36C1CD8A9F00025E941 /* NSArray+MASAdditions.m */ = {isa = PBXFileReference; fileEncoding = 4; lastKnownFileType = sourcecode.c.objc; path = "NSArray+MASAdditions.m"; sourceTree = "<group>"; };
		3713C36D1CD8A9F00025E941 /* NSArray+MASShorthandAdditions.h */ = {isa = PBXFileReference; fileEncoding = 4; lastKnownFileType = sourcecode.c.h; path = "NSArray+MASShorthandAdditions.h"; sourceTree = "<group>"; };
		3713C36E1CD8A9F00025E941 /* NSLayoutConstraint+MASDebugAdditions.h */ = {isa = PBXFileReference; fileEncoding = 4; lastKnownFileType = sourcecode.c.h; path = "NSLayoutConstraint+MASDebugAdditions.h"; sourceTree = "<group>"; };
		3713C36F1CD8A9F00025E941 /* NSLayoutConstraint+MASDebugAdditions.m */ = {isa = PBXFileReference; fileEncoding = 4; lastKnownFileType = sourcecode.c.objc; path = "NSLayoutConstraint+MASDebugAdditions.m"; sourceTree = "<group>"; };
		3713C3701CD8A9F00025E941 /* View+MASAdditions.h */ = {isa = PBXFileReference; fileEncoding = 4; lastKnownFileType = sourcecode.c.h; path = "View+MASAdditions.h"; sourceTree = "<group>"; };
		3713C3711CD8A9F00025E941 /* View+MASAdditions.m */ = {isa = PBXFileReference; fileEncoding = 4; lastKnownFileType = sourcecode.c.objc; path = "View+MASAdditions.m"; sourceTree = "<group>"; };
		3713C3721CD8A9F00025E941 /* View+MASShorthandAdditions.h */ = {isa = PBXFileReference; fileEncoding = 4; lastKnownFileType = sourcecode.c.h; path = "View+MASShorthandAdditions.h"; sourceTree = "<group>"; };
		374A965D1CD99205005F344E /* UIKit.framework */ = {isa = PBXFileReference; lastKnownFileType = wrapper.framework; name = UIKit.framework; path = System/Library/Frameworks/UIKit.framework; sourceTree = SDKROOT; };
		374A965F1CD99210005F344E /* Foundation.framework */ = {isa = PBXFileReference; lastKnownFileType = wrapper.framework; name = Foundation.framework; path = System/Library/Frameworks/Foundation.framework; sourceTree = SDKROOT; };
		374A96611CD99533005F344E /* botm-nav-mudd.png */ = {isa = PBXFileReference; lastKnownFileType = image.png; path = "botm-nav-mudd.png"; sourceTree = "<group>"; };
		374A96631CD9D7EC005F344E /* CDTabBarView.h */ = {isa = PBXFileReference; fileEncoding = 4; lastKnownFileType = sourcecode.c.h; path = CDTabBarView.h; sourceTree = "<group>"; };
		374A96641CD9D7EC005F344E /* CDTabBarView.m */ = {isa = PBXFileReference; fileEncoding = 4; lastKnownFileType = sourcecode.c.objc; path = CDTabBarView.m; sourceTree = "<group>"; };
		374A96661CD9D8F9005F344E /* CDItemCell.h */ = {isa = PBXFileReference; fileEncoding = 4; lastKnownFileType = sourcecode.c.h; path = CDItemCell.h; sourceTree = "<group>"; };
		374A96671CD9D8F9005F344E /* CDItemCell.m */ = {isa = PBXFileReference; fileEncoding = 4; lastKnownFileType = sourcecode.c.objc; path = CDItemCell.m; sourceTree = "<group>"; };
		374A96681CD9D8F9005F344E /* CDItemCell.xib */ = {isa = PBXFileReference; fileEncoding = 4; lastKnownFileType = file.xib; path = CDItemCell.xib; sourceTree = "<group>"; };
/* End PBXFileReference section */

/* Begin PBXFrameworksBuildPhase section */
		3713C3311CD8A0F90025E941 /* Frameworks */ = {
			isa = PBXFrameworksBuildPhase;
			buildActionMask = 2147483647;
			files = (
				374A96601CD99210005F344E /* Foundation.framework in Frameworks */,
				374A965E1CD99205005F344E /* UIKit.framework in Frameworks */,
			);
			runOnlyForDeploymentPostprocessing = 0;
		};
/* End PBXFrameworksBuildPhase section */

/* Begin PBXGroup section */
		3713C32B1CD8A0F90025E941 = {
			isa = PBXGroup;
			children = (
				374A965F1CD99210005F344E /* Foundation.framework */,
				374A965D1CD99205005F344E /* UIKit.framework */,
				3713C3361CD8A0F90025E941 /* BottomMenuView */,
				3713C3351CD8A0F90025E941 /* Products */,
			);
			sourceTree = "<group>";
		};
		3713C3351CD8A0F90025E941 /* Products */ = {
			isa = PBXGroup;
			children = (
				3713C3341CD8A0F90025E941 /* BottomMenuView.app */,
			);
			name = Products;
			sourceTree = "<group>";
		};
		3713C3361CD8A0F90025E941 /* BottomMenuView */ = {
			isa = PBXGroup;
			children = (
				3713C34E1CD8A2FA0025E941 /* Class */,
				3713C3371CD8A0F90025E941 /* Supporting Files */,
			);
			path = BottomMenuView;
			sourceTree = "<group>";
		};
		3713C3371CD8A0F90025E941 /* Supporting Files */ = {
			isa = PBXGroup;
			children = (
				374A96611CD99533005F344E /* botm-nav-mudd.png */,
				3713C33A1CD8A0F90025E941 /* AppDelegate.h */,
				3713C33B1CD8A0F90025E941 /* AppDelegate.m */,
				3713C3431CD8A0F90025E941 /* Assets.xcassets */,
				3713C3451CD8A0F90025E941 /* LaunchScreen.storyboard */,
				3713C3481CD8A0F90025E941 /* Info.plist */,
				3713C3381CD8A0F90025E941 /* main.m */,
			);
			name = "Supporting Files";
			sourceTree = "<group>";
		};
		3713C34E1CD8A2FA0025E941 /* Class */ = {
			isa = PBXGroup;
			children = (
				3713C35A1CD8A9F00025E941 /* Libs */,
				3713C34F1CD8A31E0025E941 /* Controller */,
				3713C3501CD8A31E0025E941 /* Model */,
				3713C3511CD8A31E0025E941 /* View */,
			);
			path = Class;
			sourceTree = "<group>";
		};
		3713C34F1CD8A31E0025E941 /* Controller */ = {
			isa = PBXGroup;
			children = (
				3713C3521CD8A3420025E941 /* CDTestViewController.h */,
				3713C3531CD8A3420025E941 /* CDTestViewController.m */,
				3713C3541CD8A3420025E941 /* CDTestViewController.xib */,
			);
			path = Controller;
			sourceTree = "<group>";
		};
		3713C3501CD8A31E0025E941 /* Model */ = {
			isa = PBXGroup;
			children = (
			);
			path = Model;
			sourceTree = "<group>";
		};
		3713C3511CD8A31E0025E941 /* View */ = {
			isa = PBXGroup;
			children = (
				374A96631CD9D7EC005F344E /* CDTabBarView.h */,
				374A96641CD9D7EC005F344E /* CDTabBarView.m */,
				374A96661CD9D8F9005F344E /* CDItemCell.h */,
				374A96671CD9D8F9005F344E /* CDItemCell.m */,
				374A96681CD9D8F9005F344E /* CDItemCell.xib */,
			);
			path = View;
			sourceTree = "<group>";
		};
		3713C35A1CD8A9F00025E941 /* Libs */ = {
			isa = PBXGroup;
			children = (
				3713C35B1CD8A9F00025E941 /* Masonry */,
			);
			path = Libs;
			sourceTree = "<group>";
		};
		3713C35B1CD8A9F00025E941 /* Masonry */ = {
			isa = PBXGroup;
			children = (
				3713C35C1CD8A9F00025E941 /* MASCompositeConstraint.h */,
				3713C35D1CD8A9F00025E941 /* MASCompositeConstraint.m */,
				3713C35E1CD8A9F00025E941 /* MASConstraint+Private.h */,
				3713C35F1CD8A9F00025E941 /* MASConstraint.h */,
				3713C3601CD8A9F00025E941 /* MASConstraint.m */,
				3713C3611CD8A9F00025E941 /* MASConstraintMaker.h */,
				3713C3621CD8A9F00025E941 /* MASConstraintMaker.m */,
				3713C3631CD8A9F00025E941 /* MASLayoutConstraint.h */,
				3713C3641CD8A9F00025E941 /* MASLayoutConstraint.m */,
				3713C3651CD8A9F00025E941 /* Masonry.h */,
				3713C3661CD8A9F00025E941 /* MASUtilities.h */,
				3713C3671CD8A9F00025E941 /* MASViewAttribute.h */,
				3713C3681CD8A9F00025E941 /* MASViewAttribute.m */,
				3713C3691CD8A9F00025E941 /* MASViewConstraint.h */,
				3713C36A1CD8A9F00025E941 /* MASViewConstraint.m */,
				3713C36B1CD8A9F00025E941 /* NSArray+MASAdditions.h */,
				3713C36C1CD8A9F00025E941 /* NSArray+MASAdditions.m */,
				3713C36D1CD8A9F00025E941 /* NSArray+MASShorthandAdditions.h */,
				3713C36E1CD8A9F00025E941 /* NSLayoutConstraint+MASDebugAdditions.h */,
				3713C36F1CD8A9F00025E941 /* NSLayoutConstraint+MASDebugAdditions.m */,
				3713C3701CD8A9F00025E941 /* View+MASAdditions.h */,
				3713C3711CD8A9F00025E941 /* View+MASAdditions.m */,
				3713C3721CD8A9F00025E941 /* View+MASShorthandAdditions.h */,
			);
			path = Masonry;
			sourceTree = "<group>";
		};
/* End PBXGroup section */

/* Begin PBXNativeTarget section */
		3713C3331CD8A0F90025E941 /* BottomMenuView */ = {
			isa = PBXNativeTarget;
			buildConfigurationList = 3713C34B1CD8A0F90025E941 /* Build configuration list for PBXNativeTarget "BottomMenuView" */;
			buildPhases = (
				3713C3301CD8A0F90025E941 /* Sources */,
				3713C3311CD8A0F90025E941 /* Frameworks */,
				3713C3321CD8A0F90025E941 /* Resources */,
			);
			buildRules = (
			);
			dependencies = (
			);
			name = BottomMenuView;
			productName = BottomMenuView;
			productReference = 3713C3341CD8A0F90025E941 /* BottomMenuView.app */;
			productType = "com.apple.product-type.application";
		};
/* End PBXNativeTarget section */

/* Begin PBXProject section */
		3713C32C1CD8A0F90025E941 /* Project object */ = {
			isa = PBXProject;
			attributes = {
				LastUpgradeCheck = 0730;
				ORGANIZATIONNAME = Cindy;
				TargetAttributes = {
					3713C3331CD8A0F90025E941 = {
						CreatedOnToolsVersion = 7.3;
					};
				};
			};
			buildConfigurationList = 3713C32F1CD8A0F90025E941 /* Build configuration list for PBXProject "BottomMenuView" */;
			compatibilityVersion = "Xcode 3.2";
			developmentRegion = English;
			hasScannedForEncodings = 0;
			knownRegions = (
				en,
				Base,
			);
			mainGroup = 3713C32B1CD8A0F90025E941;
			productRefGroup = 3713C3351CD8A0F90025E941 /* Products */;
			projectDirPath = "";
			projectRoot = "";
			targets = (
				3713C3331CD8A0F90025E941 /* BottomMenuView */,
			);
		};
/* End PBXProject section */

/* Begin PBXResourcesBuildPhase section */
		3713C3321CD8A0F90025E941 /* Resources */ = {
			isa = PBXResourcesBuildPhase;
			buildActionMask = 2147483647;
			files = (
				374A966A1CD9D8F9005F344E /* CDItemCell.xib in Resources */,
				3713C3471CD8A0F90025E941 /* LaunchScreen.storyboard in Resources */,
				3713C3561CD8A3420025E941 /* CDTestViewController.xib in Resources */,
				3713C3441CD8A0F90025E941 /* Assets.xcassets in Resources */,
				374A96621CD99533005F344E /* botm-nav-mudd.png in Resources */,
			);
			runOnlyForDeploymentPostprocessing = 0;
		};
/* End PBXResourcesBuildPhase section */

/* Begin PBXSourcesBuildPhase section */
		3713C3301CD8A0F90025E941 /* Sources */ = {
			isa = PBXSourcesBuildPhase;
			buildActionMask = 2147483647;
			files = (
				3713C3751CD8A9F00025E941 /* MASConstraintMaker.m in Sources */,
				3713C33C1CD8A0F90025E941 /* AppDelegate.m in Sources */,
				374A96691CD9D8F9005F344E /* CDItemCell.m in Sources */,
				3713C3741CD8A9F00025E941 /* MASConstraint.m in Sources */,
				3713C3761CD8A9F00025E941 /* MASLayoutConstraint.m in Sources */,
				3713C3791CD8A9F00025E941 /* NSArray+MASAdditions.m in Sources */,
				3713C3781CD8A9F00025E941 /* MASViewConstraint.m in Sources */,
				374A96651CD9D7EC005F344E /* CDTabBarView.m in Sources */,
				3713C3771CD8A9F00025E941 /* MASViewAttribute.m in Sources */,
				3713C37B1CD8A9F00025E941 /* View+MASAdditions.m in Sources */,
				3713C3551CD8A3420025E941 /* CDTestViewController.m in Sources */,
				3713C3391CD8A0F90025E941 /* main.m in Sources */,
				3713C3731CD8A9F00025E941 /* MASCompositeConstraint.m in Sources */,
				3713C37A1CD8A9F00025E941 /* NSLayoutConstraint+MASDebugAdditions.m in Sources */,
			);
			runOnlyForDeploymentPostprocessing = 0;
		};
/* End PBXSourcesBuildPhase section */

/* Begin PBXVariantGroup section */
		3713C3451CD8A0F90025E941 /* LaunchScreen.storyboard */ = {
			isa = PBXVariantGroup;
			children = (
				3713C3461CD8A0F90025E941 /* Base */,
			);
			name = LaunchScreen.storyboard;
			sourceTree = "<group>";
		};
/* End PBXVariantGroup section */

/* Begin XCBuildConfiguration section */
		3713C3491CD8A0F90025E941 /* Debug */ = {
			isa = XCBuildConfiguration;
			buildSettings = {
				ALWAYS_SEARCH_USER_PATHS = NO;
				CLANG_ANALYZER_NONNULL = YES;
				CLANG_CXX_LANGUAGE_STANDARD = "gnu++0x";
				CLANG_CXX_LIBRARY = "libc++";
				CLANG_ENABLE_MODULES = YES;
				CLANG_ENABLE_OBJC_ARC = YES;
				CLANG_WARN_BOOL_CONVERSION = YES;
				CLANG_WARN_CONSTANT_CONVERSION = YES;
				CLANG_WARN_DIRECT_OBJC_ISA_USAGE = YES_ERROR;
				CLANG_WARN_EMPTY_BODY = YES;
				CLANG_WARN_ENUM_CONVERSION = YES;
				CLANG_WARN_INT_CONVERSION = YES;
				CLANG_WARN_OBJC_ROOT_CLASS = YES_ERROR;
				CLANG_WARN_UNREACHABLE_CODE = YES;
				CLANG_WARN__DUPLICATE_METHOD_MATCH = YES;
				"CODE_SIGN_IDENTITY[sdk=iphoneos*]" = "iPhone Developer";
				COPY_PHASE_STRIP = NO;
				DEBUG_INFORMATION_FORMAT = dwarf;
				ENABLE_STRICT_OBJC_MSGSEND = YES;
				ENABLE_TESTABILITY = YES;
				GCC_C_LANGUAGE_STANDARD = gnu99;
				GCC_DYNAMIC_NO_PIC = NO;
				GCC_NO_COMMON_BLOCKS = YES;
				GCC_OPTIMIZATION_LEVEL = 0;
				GCC_PREPROCESSOR_DEFINITIONS = (
					"DEBUG=1",
					"$(inherited)",
				);
				GCC_WARN_64_TO_32_BIT_CONVERSION = YES;
				GCC_WARN_ABOUT_RETURN_TYPE = YES_ERROR;
				GCC_WARN_UNDECLARED_SELECTOR = YES;
				GCC_WARN_UNINITIALIZED_AUTOS = YES_AGGRESSIVE;
				GCC_WARN_UNUSED_FUNCTION = YES;
				GCC_WARN_UNUSED_VARIABLE = YES;
				IPHONEOS_DEPLOYMENT_TARGET = 9.3;
				MTL_ENABLE_DEBUG_INFO = YES;
				ONLY_ACTIVE_ARCH = YES;
				SDKROOT = iphoneos;
			};
			name = Debug;
		};
		3713C34A1CD8A0F90025E941 /* Release */ = {
			isa = XCBuildConfiguration;
			buildSettings = {
				ALWAYS_SEARCH_USER_PATHS = NO;
				CLANG_ANALYZER_NONNULL = YES;
				CLANG_CXX_LANGUAGE_STANDARD = "gnu++0x";
				CLANG_CXX_LIBRARY = "libc++";
				CLANG_ENABLE_MODULES = YES;
				CLANG_ENABLE_OBJC_ARC = YES;
				CLANG_WARN_BOOL_CONVERSION = YES;
				CLANG_WARN_CONSTANT_CONVERSION = YES;
				CLANG_WARN_DIRECT_OBJC_ISA_USAGE = YES_ERROR;
				CLANG_WARN_EMPTY_BODY = YES;
				CLANG_WARN_ENUM_CONVERSION = YES;
				CLANG_WARN_INT_CONVERSION = YES;
				CLANG_WARN_OBJC_ROOT_CLASS = YES_ERROR;
				CLANG_WARN_UNREACHABLE_CODE = YES;
				CLANG_WARN__DUPLICATE_METHOD_MATCH = YES;
				"CODE_SIGN_IDENTITY[sdk=iphoneos*]" = "iPhone Developer";
				COPY_PHASE_STRIP = NO;
				DEBUG_INFORMATION_FORMAT = "dwarf-with-dsym";
				ENABLE_NS_ASSERTIONS = NO;
				ENABLE_STRICT_OBJC_MSGSEND = YES;
				GCC_C_LANGUAGE_STANDARD = gnu99;
				GCC_NO_COMMON_BLOCKS = YES;
				GCC_WARN_64_TO_32_BIT_CONVERSION = YES;
				GCC_WARN_ABOUT_RETURN_TYPE = YES_ERROR;
				GCC_WARN_UNDECLARED_SELECTOR = YES;
				GCC_WARN_UNINITIALIZED_AUTOS = YES_AGGRESSIVE;
				GCC_WARN_UNUSED_FUNCTION = YES;
				GCC_WARN_UNUSED_VARIABLE = YES;
				IPHONEOS_DEPLOYMENT_TARGET = 9.3;
				MTL_ENABLE_DEBUG_INFO = NO;
				SDKROOT = iphoneos;
				VALIDATE_PRODUCT = YES;
			};
			name = Release;
		};
		3713C34C1CD8A0F90025E941 /* Debug */ = {
			isa = XCBuildConfiguration;
			buildSettings = {
				ASSETCATALOG_COMPILER_APPICON_NAME = AppIcon;
				ASSETCATALOG_COMPILER_LAUNCHIMAGE_NAME = "Brand Assets";
				INFOPLIST_FILE = BottomMenuView/Info.plist;
				IPHONEOS_DEPLOYMENT_TARGET = 7.0;
				LD_RUNPATH_SEARCH_PATHS = "$(inherited) @executable_path/Frameworks";
				PRODUCT_BUNDLE_IDENTIFIER = com.cindy.source.BottomMenuView;
				PRODUCT_NAME = "$(TARGET_NAME)";
			};
			name = Debug;
		};
		3713C34D1CD8A0F90025E941 /* Release */ = {
			isa = XCBuildConfiguration;
			buildSettings = {
				ASSETCATALOG_COMPILER_APPICON_NAME = AppIcon;
				ASSETCATALOG_COMPILER_LAUNCHIMAGE_NAME = "Brand Assets";
				INFOPLIST_FILE = BottomMenuView/Info.plist;
				IPHONEOS_DEPLOYMENT_TARGET = 7.0;
				LD_RUNPATH_SEARCH_PATHS = "$(inherited) @executable_path/Frameworks";
				PRODUCT_BUNDLE_IDENTIFIER = com.cindy.source.BottomMenuView;
				PRODUCT_NAME = "$(TARGET_NAME)";
			};
			name = Release;
		};
/* End XCBuildConfiguration section */

/* Begin XCConfigurationList section */
		3713C32F1CD8A0F90025E941 /* Build configuration list for PBXProject "BottomMenuView" */ = {
			isa = XCConfigurationList;
			buildConfigurations = (
				3713C3491CD8A0F90025E941 /* Debug */,
				3713C34A1CD8A0F90025E941 /* Release */,
			);
			defaultConfigurationIsVisible = 0;
			defaultConfigurationName = Release;
		};
		3713C34B1CD8A0F90025E941 /* Build configuration list for PBXNativeTarget "BottomMenuView" */ = {
			isa = XCConfigurationList;
			buildConfigurations = (
				3713C34C1CD8A0F90025E941 /* Debug */,
				3713C34D1CD8A0F90025E941 /* Release */,
			);
			defaultConfigurationIsVisible = 0;
			defaultConfigurationName = Release;
		};
/* End XCConfigurationList section */
	};
	rootObject = 3713C32C1CD8A0F90025E941 /* Project object */;
}
